// !$*UTF8*$!
{
	archiveVersion = 1;
	classes = {
	};
	objectVersion = 46;
	objects = {

/* Begin PBXBuildFile section */
		39B996331A48606B009A12D2 /* icon-v1.png in Resources */ = {isa = PBXBuildFile; fileRef = 39B9962D1A48606B009A12D2 /* icon-v1.png */; };
		39B996351A48606B009A12D2 /* icon-v1@2x.png in Resources */ = {isa = PBXBuildFile; fileRef = 39B9962F1A48606B009A12D2 /* icon-v1@2x.png */; };
		39B996371A48606B009A12D2 /* icon-v1@3x.png in Resources */ = {isa = PBXBuildFile; fileRef = 39B996311A48606B009A12D2 /* icon-v1@3x.png */; };
		39B9963C1A486A42009A12D2 /* Images.xcassets in Resources */ = {isa = PBXBuildFile; fileRef = 39B9963B1A486A42009A12D2 /* Images.xcassets */; };
		39BB3F611A421903001E6108 /* main.m in Sources */ = {isa = PBXBuildFile; fileRef = 39BB3F601A421903001E6108 /* main.m */; };
		39BB3F641A421903001E6108 /* AppDelegate.m in Sources */ = {isa = PBXBuildFile; fileRef = 39BB3F631A421903001E6108 /* AppDelegate.m */; };
		39BB3F671A421903001E6108 /* ViewController.m in Sources */ = {isa = PBXBuildFile; fileRef = 39BB3F661A421903001E6108 /* ViewController.m */; };
		39BB3F6A1A421903001E6108 /* Main.storyboard in Resources */ = {isa = PBXBuildFile; fileRef = 39BB3F681A421903001E6108 /* Main.storyboard */; };
		39BB3F6F1A421903001E6108 /* LaunchScreen.xib in Resources */ = {isa = PBXBuildFile; fileRef = 39BB3F6D1A421903001E6108 /* LaunchScreen.xib */; };
		39BB3F7B1A421903001E6108 /* cursorappTests.m in Sources */ = {isa = PBXBuildFile; fileRef = 39BB3F7A1A421903001E6108 /* cursorappTests.m */; };
/* End PBXBuildFile section */

/* Begin PBXContainerItemProxy section */
		39BB3F751A421903001E6108 /* PBXContainerItemProxy */ = {
			isa = PBXContainerItemProxy;
			containerPortal = 39BB3F531A421903001E6108 /* Project object */;
			proxyType = 1;
			remoteGlobalIDString = 39BB3F5A1A421903001E6108;
			remoteInfo = cursorapp;
		};
/* End PBXContainerItemProxy section */

/* Begin PBXFileReference section */
		39B9962D1A48606B009A12D2 /* icon-v1.png */ = {isa = PBXFileReference; lastKnownFileType = image.png; path = "icon-v1.png"; sourceTree = "<group>"; };
		39B9962F1A48606B009A12D2 /* icon-v1@2x.png */ = {isa = PBXFileReference; lastKnownFileType = image.png; path = "icon-v1@2x.png"; sourceTree = "<group>"; };
		39B996311A48606B009A12D2 /* icon-v1@3x.png */ = {isa = PBXFileReference; lastKnownFileType = image.png; path = "icon-v1@3x.png"; sourceTree = "<group>"; };
		39B9963B1A486A42009A12D2 /* Images.xcassets */ = {isa = PBXFileReference; lastKnownFileType = folder.assetcatalog; path = Images.xcassets; sourceTree = "<group>"; };
		39BB3F5B1A421903001E6108 /* cursorapp.app */ = {isa = PBXFileReference; explicitFileType = wrapper.application; includeInIndex = 0; path = cursorapp.app; sourceTree = BUILT_PRODUCTS_DIR; };
		39BB3F5F1A421903001E6108 /* Info.plist */ = {isa = PBXFileReference; lastKnownFileType = text.plist.xml; path = Info.plist; sourceTree = "<group>"; };
		39BB3F601A421903001E6108 /* main.m */ = {isa = PBXFileReference; lastKnownFileType = sourcecode.c.objc; path = main.m; sourceTree = "<group>"; };
		39BB3F621A421903001E6108 /* AppDelegate.h */ = {isa = PBXFileReference; lastKnownFileType = sourcecode.c.h; path = AppDelegate.h; sourceTree = "<group>"; };
		39BB3F631A421903001E6108 /* AppDelegate.m */ = {isa = PBXFileReference; lastKnownFileType = sourcecode.c.objc; path = AppDelegate.m; sourceTree = "<group>"; };
		39BB3F651A421903001E6108 /* ViewController.h */ = {isa = PBXFileReference; lastKnownFileType = sourcecode.c.h; path = ViewController.h; sourceTree = "<group>"; };
		39BB3F661A421903001E6108 /* ViewController.m */ = {isa = PBXFileReference; lastKnownFileType = sourcecode.c.objc; path = ViewController.m; sourceTree = "<group>"; };
		39BB3F691A421903001E6108 /* Base */ = {isa = PBXFileReference; lastKnownFileType = file.storyboard; name = Base; path = Base.lproj/Main.storyboard; sourceTree = "<group>"; };
		39BB3F6E1A421903001E6108 /* Base */ = {isa = PBXFileReference; lastKnownFileType = file.xib; name = Base; path = Base.lproj/LaunchScreen.xib; sourceTree = "<group>"; };
		39BB3F741A421903001E6108 /* cursorappTests.xctest */ = {isa = PBXFileReference; explicitFileType = wrapper.cfbundle; includeInIndex = 0; path = cursorappTests.xctest; sourceTree = BUILT_PRODUCTS_DIR; };
		39BB3F791A421903001E6108 /* Info.plist */ = {isa = PBXFileReference; lastKnownFileType = text.plist.xml; path = Info.plist; sourceTree = "<group>"; };
		39BB3F7A1A421903001E6108 /* cursorappTests.m */ = {isa = PBXFileReference; lastKnownFileType = sourcecode.c.objc; path = cursorappTests.m; sourceTree = "<group>"; };
/* End PBXFileReference section */

/* Begin PBXFrameworksBuildPhase section */
		39BB3F581A421903001E6108 /* Frameworks */ = {
			isa = PBXFrameworksBuildPhase;
			buildActionMask = 2147483647;
			files = (
			);
			runOnlyForDeploymentPostprocessing = 0;
		};
		39BB3F711A421903001E6108 /* Frameworks */ = {
			isa = PBXFrameworksBuildPhase;
			buildActionMask = 2147483647;
			files = (
			);
			runOnlyForDeploymentPostprocessing = 0;
		};
/* End PBXFrameworksBuildPhase section */

/* Begin PBXGroup section */
		39B9962C1A48606B009A12D2 /* icon-v1 */ = {
			isa = PBXGroup;
			children = (
				39B9962D1A48606B009A12D2 /* icon-v1.png */,
				39B9962F1A48606B009A12D2 /* icon-v1@2x.png */,
				39B996311A48606B009A12D2 /* icon-v1@3x.png */,
			);
			name = "icon-v1";
			path = "visuals/icon-v1";
			sourceTree = "<group>";
		};
		39BB3F521A421903001E6108 = {
			isa = PBXGroup;
			children = (
				39B9962C1A48606B009A12D2 /* icon-v1 */,
				39BB3F5D1A421903001E6108 /* cursorapp */,
				39BB3F771A421903001E6108 /* cursorappTests */,
				39BB3F5C1A421903001E6108 /* Products */,
			);
			sourceTree = "<group>";
		};
		39BB3F5C1A421903001E6108 /* Products */ = {
			isa = PBXGroup;
			children = (
				39BB3F5B1A421903001E6108 /* cursorapp.app */,
				39BB3F741A421903001E6108 /* cursorappTests.xctest */,
			);
			name = Products;
			sourceTree = "<group>";
		};
		39BB3F5D1A421903001E6108 /* cursorapp */ = {
			isa = PBXGroup;
			children = (
				39BB3F621A421903001E6108 /* AppDelegate.h */,
				39BB3F631A421903001E6108 /* AppDelegate.m */,
				39BB3F651A421903001E6108 /* ViewController.h */,
				39BB3F661A421903001E6108 /* ViewController.m */,
				39BB3F681A421903001E6108 /* Main.storyboard */,
				39BB3F6D1A421903001E6108 /* LaunchScreen.xib */,
				39B9963B1A486A42009A12D2 /* Images.xcassets */,
				39BB3F5E1A421903001E6108 /* Supporting Files */,
			);
			path = cursorapp;
			sourceTree = "<group>";
		};
		39BB3F5E1A421903001E6108 /* Supporting Files */ = {
			isa = PBXGroup;
			children = (
				39BB3F5F1A421903001E6108 /* Info.plist */,
				39BB3F601A421903001E6108 /* main.m */,
			);
			name = "Supporting Files";
			sourceTree = "<group>";
		};
		39BB3F771A421903001E6108 /* cursorappTests */ = {
			isa = PBXGroup;
			children = (
				39BB3F7A1A421903001E6108 /* cursorappTests.m */,
				39BB3F781A421903001E6108 /* Supporting Files */,
			);
			path = cursorappTests;
			sourceTree = "<group>";
		};
		39BB3F781A421903001E6108 /* Supporting Files */ = {
			isa = PBXGroup;
			children = (
				39BB3F791A421903001E6108 /* Info.plist */,
			);
			name = "Supporting Files";
			sourceTree = "<group>";
		};
/* End PBXGroup section */

/* Begin PBXNativeTarget section */
		39BB3F5A1A421903001E6108 /* cursorapp */ = {
			isa = PBXNativeTarget;
			buildConfigurationList = 39BB3F7E1A421903001E6108 /* Build configuration list for PBXNativeTarget "cursorapp" */;
			buildPhases = (
				39BB3F571A421903001E6108 /* Sources */,
				39BB3F581A421903001E6108 /* Frameworks */,
				39BB3F591A421903001E6108 /* Resources */,
			);
			buildRules = (
			);
			dependencies = (
			);
			name = cursorapp;
			productName = cursorapp;
			productReference = 39BB3F5B1A421903001E6108 /* cursorapp.app */;
			productType = "com.apple.product-type.application";
		};
		39BB3F731A421903001E6108 /* cursorappTests */ = {
			isa = PBXNativeTarget;
			buildConfigurationList = 39BB3F811A421903001E6108 /* Build configuration list for PBXNativeTarget "cursorappTests" */;
			buildPhases = (
				39BB3F701A421903001E6108 /* Sources */,
				39BB3F711A421903001E6108 /* Frameworks */,
				39BB3F721A421903001E6108 /* Resources */,
			);
			buildRules = (
			);
			dependencies = (
				39BB3F761A421903001E6108 /* PBXTargetDependency */,
			);
			name = cursorappTests;
			productName = cursorappTests;
			productReference = 39BB3F741A421903001E6108 /* cursorappTests.xctest */;
			productType = "com.apple.product-type.bundle.unit-test";
		};
/* End PBXNativeTarget section */

/* Begin PBXProject section */
		39BB3F531A421903001E6108 /* Project object */ = {
			isa = PBXProject;
			attributes = {
				LastUpgradeCheck = 0610;
				ORGANIZATIONNAME = "Jesse Luoto";
				TargetAttributes = {
					39BB3F5A1A421903001E6108 = {
						CreatedOnToolsVersion = 6.1.1;
					};
					39BB3F731A421903001E6108 = {
						CreatedOnToolsVersion = 6.1.1;
						TestTargetID = 39BB3F5A1A421903001E6108;
					};
				};
			};
			buildConfigurationList = 39BB3F561A421903001E6108 /* Build configuration list for PBXProject "cursorapp" */;
			compatibilityVersion = "Xcode 3.2";
			developmentRegion = English;
			hasScannedForEncodings = 0;
			knownRegions = (
				en,
				Base,
			);
			mainGroup = 39BB3F521A421903001E6108;
			productRefGroup = 39BB3F5C1A421903001E6108 /* Products */;
			projectDirPath = "";
			projectRoot = "";
			targets = (
				39BB3F5A1A421903001E6108 /* cursorapp */,
				39BB3F731A421903001E6108 /* cursorappTests */,
			);
		};
/* End PBXProject section */

/* Begin PBXResourcesBuildPhase section */
		39BB3F591A421903001E6108 /* Resources */ = {
			isa = PBXResourcesBuildPhase;
			buildActionMask = 2147483647;
			files = (
				39BB3F6A1A421903001E6108 /* Main.storyboard in Resources */,
				39B996371A48606B009A12D2 /* icon-v1@3x.png in Resources */,
				39BB3F6F1A421903001E6108 /* LaunchScreen.xib in Resources */,
				39B9963C1A486A42009A12D2 /* Images.xcassets in Resources */,
				39B996351A48606B009A12D2 /* icon-v1@2x.png in Resources */,
				39B996331A48606B009A12D2 /* icon-v1.png in Resources */,
			);
			runOnlyForDeploymentPostprocessing = 0;
		};
		39BB3F721A421903001E6108 /* Resources */ = {
			isa = PBXResourcesBuildPhase;
			buildActionMask = 2147483647;
			files = (
			);
			runOnlyForDeploymentPostprocessing = 0;
		};
/* End PBXResourcesBuildPhase section */

/* Begin PBXSourcesBuildPhase section */
		39BB3F571A421903001E6108 /* Sources */ = {
			isa = PBXSourcesBuildPhase;
			buildActionMask = 2147483647;
			files = (
				39BB3F671A421903001E6108 /* ViewController.m in Sources */,
				39BB3F641A421903001E6108 /* AppDelegate.m in Sources */,
				39BB3F611A421903001E6108 /* main.m in Sources */,
			);
			runOnlyForDeploymentPostprocessing = 0;
		};
		39BB3F701A421903001E6108 /* Sources */ = {
			isa = PBXSourcesBuildPhase;
			buildActionMask = 2147483647;
			files = (
				39BB3F7B1A421903001E6108 /* cursorappTests.m in Sources */,
			);
			runOnlyForDeploymentPostprocessing = 0;
		};
/* End PBXSourcesBuildPhase section */

/* Begin PBXTargetDependency section */
		39BB3F761A421903001E6108 /* PBXTargetDependency */ = {
			isa = PBXTargetDependency;
			target = 39BB3F5A1A421903001E6108 /* cursorapp */;
			targetProxy = 39BB3F751A421903001E6108 /* PBXContainerItemProxy */;
		};
/* End PBXTargetDependency section */

/* Begin PBXVariantGroup section */
		39BB3F681A421903001E6108 /* Main.storyboard */ = {
			isa = PBXVariantGroup;
			children = (
				39BB3F691A421903001E6108 /* Base */,
			);
			name = Main.storyboard;
			sourceTree = "<group>";
		};
		39BB3F6D1A421903001E6108 /* LaunchScreen.xib */ = {
			isa = PBXVariantGroup;
			children = (
				39BB3F6E1A421903001E6108 /* Base */,
			);
			name = LaunchScreen.xib;
			sourceTree = "<group>";
		};
/* End PBXVariantGroup section */

/* Begin XCBuildConfiguration section */
		39BB3F7C1A421903001E6108 /* Debug */ = {
			isa = XCBuildConfiguration;
			buildSettings = {
				ALWAYS_SEARCH_USER_PATHS = NO;
				CLANG_CXX_LANGUAGE_STANDARD = "gnu++0x";
				CLANG_CXX_LIBRARY = "libc++";
				CLANG_ENABLE_MODULES = YES;
				CLANG_ENABLE_OBJC_ARC = YES;
				CLANG_WARN_BOOL_CONVERSION = YES;
				CLANG_WARN_CONSTANT_CONVERSION = YES;
				CLANG_WARN_DIRECT_OBJC_ISA_USAGE = YES_ERROR;
				CLANG_WARN_EMPTY_BODY = YES;
				CLANG_WARN_ENUM_CONVERSION = YES;
				CLANG_WARN_INT_CONVERSION = YES;
				CLANG_WARN_OBJC_ROOT_CLASS = YES_ERROR;
				CLANG_WARN_UNREACHABLE_CODE = YES;
				CLANG_WARN__DUPLICATE_METHOD_MATCH = YES;
				"CODE_SIGN_IDENTITY[sdk=iphoneos*]" = "iPhone Developer";
				COPY_PHASE_STRIP = NO;
				ENABLE_STRICT_OBJC_MSGSEND = YES;
				GCC_C_LANGUAGE_STANDARD = gnu99;
				GCC_DYNAMIC_NO_PIC = NO;
				GCC_OPTIMIZATION_LEVEL = 0;
				GCC_PREPROCESSOR_DEFINITIONS = (
					"DEBUG=1",
					"$(inherited)",
				);
				GCC_SYMBOLS_PRIVATE_EXTERN = NO;
				GCC_WARN_64_TO_32_BIT_CONVERSION = YES;
				GCC_WARN_ABOUT_RETURN_TYPE = YES_ERROR;
				GCC_WARN_UNDECLARED_SELECTOR = YES;
				GCC_WARN_UNINITIALIZED_AUTOS = YES_AGGRESSIVE;
				GCC_WARN_UNUSED_FUNCTION = YES;
				GCC_WARN_UNUSED_VARIABLE = YES;
				IPHONEOS_DEPLOYMENT_TARGET = 8.1;
				MTL_ENABLE_DEBUG_INFO = YES;
				ONLY_ACTIVE_ARCH = YES;
				SDKROOT = iphoneos;
				TARGETED_DEVICE_FAMILY = "1,2";
			};
			name = Debug;
		};
		39BB3F7D1A421903001E6108 /* Release */ = {
			isa = XCBuildConfiguration;
			buildSettings = {
				ALWAYS_SEARCH_USER_PATHS = NO;
				CLANG_CXX_LANGUAGE_STANDARD = "gnu++0x";
				CLANG_CXX_LIBRARY = "libc++";
				CLANG_ENABLE_MODULES = YES;
				CLANG_ENABLE_OBJC_ARC = YES;
				CLANG_WARN_BOOL_CONVERSION = YES;
				CLANG_WARN_CONSTANT_CONVERSION = YES;
				CLANG_WARN_DIRECT_OBJC_ISA_USAGE = YES_ERROR;
				CLANG_WARN_EMPTY_BODY = YES;
				CLANG_WARN_ENUM_CONVERSION = YES;
				CLANG_WARN_INT_CONVERSION = YES;
				CLANG_WARN_OBJC_ROOT_CLASS = YES_ERROR;
				CLANG_WARN_UNREACHABLE_CODE = YES;
				CLANG_WARN__DUPLICATE_METHOD_MATCH = YES;
				"CODE_SIGN_IDENTITY[sdk=iphoneos*]" = "iPhone Developer";
				COPY_PHASE_STRIP = YES;
				ENABLE_NS_ASSERTIONS = NO;
				ENABLE_STRICT_OBJC_MSGSEND = YES;
				GCC_C_LANGUAGE_STANDARD = gnu99;
				GCC_WARN_64_TO_32_BIT_CONVERSION = YES;
				GCC_WARN_ABOUT_RETURN_TYPE = YES_ERROR;
				GCC_WARN_UNDECLARED_SELECTOR = YES;
				GCC_WARN_UNINITIALIZED_AUTOS = YES_AGGRESSIVE;
				GCC_WARN_UNUSED_FUNCTION = YES;
				GCC_WARN_UNUSED_VARIABLE = YES;
				IPHONEOS_DEPLOYMENT_TARGET = 8.1;
				MTL_ENABLE_DEBUG_INFO = NO;
				SDKROOT = iphoneos;
				TARGETED_DEVICE_FAMILY = "1,2";
				VALIDATE_PRODUCT = YES;
			};
			name = Release;
		};
		39BB3F7F1A421903001E6108 /* Debug */ = {
			isa = XCBuildConfiguration;
			buildSettings = {
				ASSETCATALOG_COMPILER_APPICON_NAME = AppIcon;
				INFOPLIST_FILE = cursorapp/Info.plist;
				LD_RUNPATH_SEARCH_PATHS = "$(inherited) @executable_path/Frameworks";
				PRODUCT_NAME = "$(TARGET_NAME)";
				TARGETED_DEVICE_FAMILY = 1;
			};
			name = Debug;
		};
		39BB3F801A421903001E6108 /* Release */ = {
			isa = XCBuildConfiguration;
			buildSettings = {
				ASSETCATALOG_COMPILER_APPICON_NAME = AppIcon;
				INFOPLIST_FILE = cursorapp/Info.plist;
				LD_RUNPATH_SEARCH_PATHS = "$(inherited) @executable_path/Frameworks";
				PRODUCT_NAME = "$(TARGET_NAME)";
				TARGETED_DEVICE_FAMILY = 1;
			};
			name = Release;
		};
		39BB3F821A421903001E6108 /* Debug */ = {
			isa = XCBuildConfiguration;
			buildSettings = {
				BUNDLE_LOADER = "$(TEST_HOST)";
				FRAMEWORK_SEARCH_PATHS = (
					"$(SDKROOT)/Developer/Library/Frameworks",
					"$(inherited)",
				);
				GCC_PREPROCESSOR_DEFINITIONS = (
					"DEBUG=1",
					"$(inherited)",
				);
				INFOPLIST_FILE = cursorappTests/Info.plist;
				LD_RUNPATH_SEARCH_PATHS = "$(inherited) @executable_path/Frameworks @loader_path/Frameworks";
				PRODUCT_NAME = "$(TARGET_NAME)";
				TEST_HOST = "$(BUILT_PRODUCTS_DIR)/cursorapp.app/cursorapp";
			};
			name = Debug;
		};
		39BB3F831A421903001E6108 /* Release */ = {
			isa = XCBuildConfiguration;
			buildSettings = {
				BUNDLE_LOADER = "$(TEST_HOST)";
				FRAMEWORK_SEARCH_PATHS = (
					"$(SDKROOT)/Developer/Library/Frameworks",
					"$(inherited)",
				);
				INFOPLIST_FILE = cursorappTests/Info.plist;
				LD_RUNPATH_SEARCH_PATHS = "$(inherited) @executable_path/Frameworks @loader_path/Frameworks";
				PRODUCT_NAME = "$(TARGET_NAME)";
				TEST_HOST = "$(BUILT_PRODUCTS_DIR)/cursorapp.app/cursorapp";
			};
			name = Release;
		};
/* End XCBuildConfiguration section */

/* Begin XCConfigurationList section */
		39BB3F561A421903001E6108 /* Build configuration list for PBXProject "cursorapp" */ = {
			isa = XCConfigurationList;
			buildConfigurations = (
				39BB3F7C1A421903001E6108 /* Debug */,
				39BB3F7D1A421903001E6108 /* Release */,
			);
			defaultConfigurationIsVisible = 0;
			defaultConfigurationName = Release;
		};
		39BB3F7E1A421903001E6108 /* Build configuration list for PBXNativeTarget "cursorapp" */ = {
			isa = XCConfigurationList;
			buildConfigurations = (
				39BB3F7F1A421903001E6108 /* Debug */,
				39BB3F801A421903001E6108 /* Release */,
			);
			defaultConfigurationIsVisible = 0;
			defaultConfigurationName = Release;
		};
		39BB3F811A421903001E6108 /* Build configuration list for PBXNativeTarget "cursorappTests" */ = {
			isa = XCConfigurationList;
			buildConfigurations = (
				39BB3F821A421903001E6108 /* Debug */,
				39BB3F831A421903001E6108 /* Release */,
			);
			defaultConfigurationIsVisible = 0;
			defaultConfigurationName = Release;
		};
/* End XCConfigurationList section */
	};
	rootObject = 39BB3F531A421903001E6108 /* Project object */;
}
